
Microsoft Visual Studio Solution File, Format Version 12.00
# Visual Studio 2013
Project("{8BC9CEB8-8B4A-11D0-8D11-00A0C91BC942}") = "GetSpeed", "GetSpeed.vcxproj", "{504710EE-ABFA-4F1F-B7A3-CA45A7B8EF92}"
EndProject
Global
	GlobalSection(SolutionConfigurationPlatforms) = preSolution
		Debug|Win32 = Debug|Win32
		Release|Win32 = Release|Win32
	EndGlobalSection
	GlobalSection(ProjectConfigurationPlatforms) = postSolution
		{504710EE-ABFA-4F1F-B7A3-CA45A7B8EF92}.Debug|Win32.ActiveCfg = Debug|Win32
		{504710EE-ABFA-4F1F-B7A3-CA45A7B8EF92}.Debug|Win32.Build.0 = Debug|Win32
		{504710EE-ABFA-4F1F-B7A3-CA45A7B8EF92}.Release|Win32.ActiveCfg = Release|Win32
		{504710EE-ABFA-4F1F-B7A3-CA45A7B8EF92}.Release|Win32.Build.0 = Release|Win32
	EndGlobalSection
	GlobalSection(SolutionProperties) = preSolution
		HideSolutionNode = FALSE
	EndGlobalSection
EndGlobal
