<?xml version="1.0" encoding="utf-8"?>
<Project ToolsVersion="4.0" xmlns="http://schemas.microsoft.com/developer/msbuild/2003">
  <ItemGroup>
    <Filter Include="Source Files">
      <UniqueIdentifier>{4FC737F1-C7A5-4376-A066-2A32D752A2FF}</UniqueIdentifier>
      <Extensions>cpp;c;cc;cxx;def;odl;idl;hpj;bat;asm;asmx</Extensions>
    </Filter>
    <Filter Include="Header Files">
      <UniqueIdentifier>{93995380-89BD-4b04-88EB-625FBE52EBFB}</UniqueIdentifier>
      <Extensions>h;hpp;hxx;hm;inl;inc;xsd</Extensions>
    </Filter>
    <Filter Include="Resource Files">
      <UniqueIdentifier>{67DA6AB6-F800-4c08-8B7A-83BB121AAD01}</UniqueIdentifier>
      <Extensions>rc;ico;cur;bmp;dlg;rc2;rct;bin;rgs;gif;jpg;jpeg;jpe;resx;tiff;tif;png;wav</Extensions>
    </Filter>
    <Filter Include="MyLib">
      <UniqueIdentifier>{b1c06e0e-a63a-45b8-8751-eea276415996}</UniqueIdentifier>
    </Filter>
    <Filter Include="Object">
      <UniqueIdentifier>{ad579414-9944-45ff-91ce-b1a82cdebffb}</UniqueIdentifier>
    </Filter>
    <Filter Include="Scene">
      <UniqueIdentifier>{09cca550-d1b2-456d-8c79-51af5b9d34d9}</UniqueIdentifier>
    </Filter>
    <Filter Include="Scene\Title">
      <UniqueIdentifier>{fda2c546-e31f-4143-9b75-6c84245f2594}</UniqueIdentifier>
    </Filter>
    <Filter Include="Scene\GameMain">
      <UniqueIdentifier>{653744eb-a71d-4a20-ade8-976c786f744c}</UniqueIdentifier>
    </Filter>
    <Filter Include="System">
      <UniqueIdentifier>{5201ebe2-a884-47e2-b14f-b75d9c8e67b7}</UniqueIdentifier>
    </Filter>
    <Filter Include="Object\Road">
      <UniqueIdentifier>{235a386c-3d52-4fb5-9a6e-93646801687a}</UniqueIdentifier>
    </Filter>
    <Filter Include="Object\Camera">
      <UniqueIdentifier>{0c8c9b73-9bf8-4ad2-869c-0d71f1ea3504}</UniqueIdentifier>
    </Filter>
    <Filter Include="Object\Model">
      <UniqueIdentifier>{b6c489c0-9b65-4969-a48d-9b654938989d}</UniqueIdentifier>
    </Filter>
    <Filter Include="Assets">
      <UniqueIdentifier>{58fbc88d-3955-4871-8ce4-edd56cae7789}</UniqueIdentifier>
    </Filter>
    <Filter Include="Assets\Model">
      <UniqueIdentifier>{8e596990-6721-4924-bc15-b1ce21988e0f}</UniqueIdentifier>
    </Filter>
    <Filter Include="Object\Meter">
      <UniqueIdentifier>{434c32ab-2dc5-4021-9c55-07cfec1fdf80}</UniqueIdentifier>
    </Filter>
    <Filter Include="Object\Meter\Speed">
      <UniqueIdentifier>{01ea94be-6805-4305-bde0-f2aeb8c7eb46}</UniqueIdentifier>
    </Filter>
    <Filter Include="Object\Meter\Odo">
      <UniqueIdentifier>{9f04a23a-9f34-4330-884f-374a7b420606}</UniqueIdentifier>
    </Filter>
    <Filter Include="Object\Ring">
      <UniqueIdentifier>{c48a4b1c-863e-44b4-86c8-9a094fc64dc3}</UniqueIdentifier>
    </Filter>
    <Filter Include="Object\Start">
      <UniqueIdentifier>{72bd9e20-e76a-4941-aeb1-58f2970f1073}</UniqueIdentifier>
    </Filter>
    <Filter Include="Object\Player">
      <UniqueIdentifier>{7bde4334-fe03-4fab-8152-a0c5aea963b2}</UniqueIdentifier>
    </Filter>
    <Filter Include="Object\TimeCount">
      <UniqueIdentifier>{6f394180-35c3-4873-ae8d-4fe6a0fd8270}</UniqueIdentifier>
    </Filter>
    <Filter Include="Object\Booster">
      <UniqueIdentifier>{ebd00366-659d-4815-985a-c03ce32611ab}</UniqueIdentifier>
    </Filter>
    <Filter Include="Collision">
      <UniqueIdentifier>{30e1bcf8-c9f4-4570-9dc1-3d3ea66fc165}</UniqueIdentifier>
    </Filter>
    <Filter Include="Object\Block">
      <UniqueIdentifier>{b9d84c2e-da5e-45f6-995d-9771567062b0}</UniqueIdentifier>
    </Filter>
    <Filter Include="Assets\Font">
      <UniqueIdentifier>{d1c27c85-5cba-4713-a4f8-7d1a32213b23}</UniqueIdentifier>
    </Filter>
    <Filter Include="Scene\Result">
      <UniqueIdentifier>{a4f71a0d-869d-49fd-a9cb-7e739053baa4}</UniqueIdentifier>
    </Filter>
    <Filter Include="Score">
      <UniqueIdentifier>{3b54f6a2-54bf-42af-9ee3-615850b95afc}</UniqueIdentifier>
    </Filter>
    <Filter Include="Assets\SaveData">
      <UniqueIdentifier>{063563d6-a797-4549-b01c-15bebf53ebc2}</UniqueIdentifier>
    </Filter>
  </ItemGroup>
  <ItemGroup>
    <ClCompile Include="..\src\GetSpeedApp.cpp">
      <Filter>Source Files</Filter>
    </ClCompile>
    <ClCompile Include="..\src\GetSpeedApp.cpp">
      <Filter>Source Files</Filter>
    </ClCompile>
    <ClInclude Include="..\include\Resources.h">
      <Filter>Header Files</Filter>
    </ClInclude>
    <ClCompile Include="..\src\MyLib\graph.cpp">
      <Filter>MyLib</Filter>
    </ClCompile>
    <ClCompile Include="..\src\MyLib\key.cpp">
      <Filter>MyLib</Filter>
    </ClCompile>
    <ClCompile Include="..\src\MyLib\mouse.cpp">
      <Filter>MyLib</Filter>
    </ClCompile>
    <ClCompile Include="..\src\Object\object.cpp">
      <Filter>Object</Filter>
    </ClCompile>
    <ClCompile Include="..\src\Object\Player\player.cpp">
      <Filter>Object\Player</Filter>
    </ClCompile>
    <ClCompile Include="..\src\Scene\scene.cpp">
      <Filter>Scene</Filter>
    </ClCompile>
    <ClCompile Include="..\src\Scene\Title\title.cpp">
      <Filter>Scene\Title</Filter>
    </ClCompile>
    <ClCompile Include="..\src\Scene\Game\game_main.cpp">
      <Filter>Scene\GameMain</Filter>
    </ClCompile>
    <ClCompile Include="..\src\System\scene_mgr.cpp">
      <Filter>System</Filter>
    </ClCompile>
    <ClCompile Include="..\src\Object\task.cpp">
      <Filter>Object</Filter>
    </ClCompile>
    <ClCompile Include="..\src\Object\Road\road.cpp">
      <Filter>Object\Road</Filter>
    </ClCompile>
    <ClCompile Include="..\src\Object\Model\model.cpp">
      <Filter>Object\Model</Filter>
    </ClCompile>
    <ClCompile Include="..\src\Object\Player\player_advancer.cpp">
      <Filter>Object\Player</Filter>
    </ClCompile>
    <ClCompile Include="..\src\Object\Player\player_rotater.cpp">
      <Filter>Object\Player</Filter>
    </ClCompile>
    <ClCompile Include="..\src\Object\Player\player_mover.cpp">
      <Filter>Object\Player</Filter>
    </ClCompile>
    <ClCompile Include="..\src\Object\Meter\Speed\speed_meter.cpp">
      <Filter>Object\Meter\Speed</Filter>
    </ClCompile>
    <ClCompile Include="..\src\Object\Meter\Odo\odo_meter.cpp">
      <Filter>Object\Meter\Odo</Filter>
    </ClCompile>
    <ClCompile Include="..\src\Object\Ring\stage_ring.cpp">
      <Filter>Object\Ring</Filter>
    </ClCompile>
    <ClCompile Include="..\src\Object\Start\starter.cpp">
      <Filter>Object\Start</Filter>
    </ClCompile>
    <ClCompile Include="..\src\Object\TimeCount\time_counter.cpp">
      <Filter>Object\TimeCount</Filter>
    </ClCompile>
    <ClCompile Include="..\src\Object\Booster\booster.cpp">
      <Filter>Object\Booster</Filter>
    </ClCompile>
    <ClCompile Include="..\src\Collision\collision.cpp">
      <Filter>Collision</Filter>
    </ClCompile>
    <ClCompile Include="..\src\Object\Player\player_effect.cpp">
      <Filter>Object\Player</Filter>
    </ClCompile>
    <ClCompile Include="..\src\Object\Block\block.cpp">
      <Filter>Object\Block</Filter>
    </ClCompile>
    <ClCompile Include="..\src\Object\Player\player_life.cpp">
      <Filter>Object\Player</Filter>
    </ClCompile>
    <ClCompile Include="..\src\Scene\Result\result.cpp">
      <Filter>Scene\Result</Filter>
    </ClCompile>
    <ClCompile Include="..\src\Score\score.cpp">
      <Filter>Score</Filter>
    </ClCompile>
  </ItemGroup>
  <ItemGroup>
    <ClInclude Include="..\include\Resources.h">
      <Filter>Header Files</Filter>
    </ClInclude>
    <ClInclude Include="..\src\MyLib\ci_app.h">
      <Filter>MyLib</Filter>
    </ClInclude>
    <ClInclude Include="..\src\MyLib\graph.h">
      <Filter>MyLib</Filter>
    </ClInclude>
    <ClInclude Include="..\src\MyLib\key.h">
      <Filter>MyLib</Filter>
    </ClInclude>
    <ClInclude Include="..\src\MyLib\mouse.h">
      <Filter>MyLib</Filter>
    </ClInclude>
    <ClInclude Include="..\src\MyLib\noncopyable.h">
      <Filter>MyLib</Filter>
    </ClInclude>
    <ClInclude Include="..\src\MyLib\window_size.h">
      <Filter>MyLib</Filter>
    </ClInclude>
    <ClInclude Include="..\src\Object\object.h">
      <Filter>Object</Filter>
    </ClInclude>
    <ClInclude Include="..\src\Object\Player\player.h">
      <Filter>Object\Player</Filter>
    </ClInclude>
    <ClInclude Include="..\src\Scene\scene.h">
      <Filter>Scene</Filter>
    </ClInclude>
    <ClInclude Include="..\src\Scene\Title\title.h">
      <Filter>Scene\Title</Filter>
    </ClInclude>
    <ClInclude Include="..\src\Scene\Game\game_main.h">
      <Filter>Scene\GameMain</Filter>
    </ClInclude>
    <ClInclude Include="..\src\System\scene_mgr.h">
      <Filter>System</Filter>
    </ClInclude>
    <ClInclude Include="..\src\Object\task.h">
      <Filter>Object</Filter>
    </ClInclude>
    <ClInclude Include="..\src\Object\Road\road.h">
      <Filter>Object\Road</Filter>
    </ClInclude>
    <ClInclude Include="..\src\Object\Camera\camera.h">
      <Filter>Object\Camera</Filter>
    </ClInclude>
    <ClInclude Include="..\src\Object\Model\model.h">
      <Filter>Object\Model</Filter>
    </ClInclude>
    <ClInclude Include="..\src\Object\Player\player_advancer.h">
      <Filter>Object\Player</Filter>
    </ClInclude>
    <ClInclude Include="..\src\Object\Player\player_rotater.h">
      <Filter>Object\Player</Filter>
    </ClInclude>
    <ClInclude Include="..\src\Object\Player\player_mover.h">
      <Filter>Object\Player</Filter>
    </ClInclude>
    <ClInclude Include="..\src\Object\Meter\Speed\speed_meter.h">
      <Filter>Object\Meter\Speed</Filter>
    </ClInclude>
    <ClInclude Include="..\src\Object\Meter\Odo\odo_meter.h">
      <Filter>Object\Meter\Odo</Filter>
    </ClInclude>
    <ClInclude Include="..\src\Object\Ring\stage_ring.h">
      <Filter>Object\Ring</Filter>
    </ClInclude>
    <ClInclude Include="..\src\Object\Start\starter.h">
      <Filter>Object\Start</Filter>
    </ClInclude>
    <ClInclude Include="..\src\Object\TimeCount\time_counter.h">
      <Filter>Object\TimeCount</Filter>
    </ClInclude>
    <ClInclude Include="..\src\Object\Booster\booster.h">
      <Filter>Object\Booster</Filter>
    </ClInclude>
    <ClInclude Include="..\src\road_size.h">
      <Filter>Source Files</Filter>
    </ClInclude>
    <ClInclude Include="..\src\Collision\collision.h">
      <Filter>Collision</Filter>
    </ClInclude>
    <ClInclude Include="..\src\Object\Player\player_effect.h">
      <Filter>Object\Player</Filter>
    </ClInclude>
    <ClInclude Include="..\src\Object\Block\block.h">
      <Filter>Object\Block</Filter>
    </ClInclude>
    <ClInclude Include="..\src\Object\Player\player_life.h">
      <Filter>Object\Player</Filter>
    </ClInclude>
    <ClInclude Include="..\src\Scene\Result\result.h">
      <Filter>Scene\Result</Filter>
    </ClInclude>
    <ClInclude Include="..\src\Score\score.h">
      <Filter>Score</Filter>
    </ClInclude>
  </ItemGroup>
  <ItemGroup>
    <ResourceCompile Include="Resources.rc">
      <Filter>Resource Files</Filter>
    </ResourceCompile>
  </ItemGroup>
  <ItemGroup>
    <None Include="..\assets\Model\Normal.json">
      <Filter>Assets\Model</Filter>
    </None>
    <None Include="..\assets\Model\Road.json">
      <Filter>Assets\Model</Filter>
    </None>
    <None Include="..\assets\SaveData\save_data.json">
      <Filter>Assets\SaveData</Filter>
    </None>
  </ItemGroup>
  <ItemGroup>
    <Font Include="..\assets\Font\planet.TTF">
      <Filter>Assets\Font</Filter>
    </Font>
  </ItemGroup>
</Project>